
Microsoft Visual Studio Solution File, Format Version 12.00
# Visual Studio Version 16
VisualStudioVersion = 16.0.33214.272
MinimumVisualStudioVersion = 10.0.40219.1
Project("{FAE04EC0-301F-11D3-BF4B-00C04F79EFBC}") = "ValheimPvPTweaks", "ValheimPvPTweaks\ValheimPvPTweaks.csproj", "{A765106F-9A9B-42AB-B53D-E0F7DAD369A9}"
EndProject
Global
	GlobalSection(SolutionConfigurationPlatforms) = preSolution
		Debug|Any CPU = Debug|Any CPU
		Release|Any CPU = Release|Any CPU
	EndGlobalSection
	GlobalSection(ProjectConfigurationPlatforms) = postSolution
		{A765106F-9A9B-42AB-B53D-E0F7DAD369A9}.Debug|Any CPU.ActiveCfg = Debug|Any CPU
		{A765106F-9A9B-42AB-B53D-E0F7DAD369A9}.Debug|Any CPU.Build.0 = Debug|Any CPU
		{A765106F-9A9B-42AB-B53D-E0F7DAD369A9}.Release|Any CPU.ActiveCfg = Release|Any CPU
		{A765106F-9A9B-42AB-B53D-E0F7DAD369A9}.Release|Any CPU.Build.0 = Release|Any CPU
	EndGlobalSection
	GlobalSection(SolutionProperties) = preSolution
		HideSolutionNode = FALSE
	EndGlobalSection
	GlobalSection(ExtensibilityGlobals) = postSolution
		SolutionGuid = {E2727B5E-8470-48B6-BF15-1786C136ED28}
	EndGlobalSection
EndGlobal
